
Microsoft Visual Studio Solution File, Format Version 12.00
# Visual Studio Version 17
VisualStudioVersion = 17.11.35312.102
MinimumVisualStudioVersion = 10.0.40219.1
Project("{9A19103F-16F7-4668-BE54-9A1E7A4F7556}") = "YandexMusic", "YandexMusic\YandexMusic.csproj", "{77F63BCD-500E-44CA-B7FA-2D6A89986E64}"
EndProject
Project("{FAE04EC0-301F-11D3-BF4B-00C04F79EFBC}") = "YandexMusic.DataAccess", "YandexMusic.DataAccess\YandexMusic.DataAccess.csproj", "{D243E2CA-AD07-47CB-BA65-A2B0308723B2}"
EndProject
Project("{FAE04EC0-301F-11D3-BF4B-00C04F79EFBC}") = "YandexMusic.Core", "YandexMusic.Core\YandexMusic.Core.csproj", "{32DBDC7F-8D61-49A4-B530-465B18CE8D25}"
EndProject
Global
	GlobalSection(SolutionConfigurationPlatforms) = preSolution
		Debug|Any CPU = Debug|Any CPU
		Release|Any CPU = Release|Any CPU
	EndGlobalSection
	GlobalSection(ProjectConfigurationPlatforms) = postSolution
		{77F63BCD-500E-44CA-B7FA-2D6A89986E64}.Debug|Any CPU.ActiveCfg = Debug|Any CPU
		{77F63BCD-500E-44CA-B7FA-2D6A89986E64}.Debug|Any CPU.Build.0 = Debug|Any CPU
		{77F63BCD-500E-44CA-B7FA-2D6A89986E64}.Release|Any CPU.ActiveCfg = Release|Any CPU
		{77F63BCD-500E-44CA-B7FA-2D6A89986E64}.Release|Any CPU.Build.0 = Release|Any CPU
		{D243E2CA-AD07-47CB-BA65-A2B0308723B2}.Debug|Any CPU.ActiveCfg = Debug|Any CPU
		{D243E2CA-AD07-47CB-BA65-A2B0308723B2}.Debug|Any CPU.Build.0 = Debug|Any CPU
		{D243E2CA-AD07-47CB-BA65-A2B0308723B2}.Release|Any CPU.ActiveCfg = Release|Any CPU
		{D243E2CA-AD07-47CB-BA65-A2B0308723B2}.Release|Any CPU.Build.0 = Release|Any CPU
		{32DBDC7F-8D61-49A4-B530-465B18CE8D25}.Debug|Any CPU.ActiveCfg = Debug|Any CPU
		{32DBDC7F-8D61-49A4-B530-465B18CE8D25}.Debug|Any CPU.Build.0 = Debug|Any CPU
		{32DBDC7F-8D61-49A4-B530-465B18CE8D25}.Release|Any CPU.ActiveCfg = Release|Any CPU
		{32DBDC7F-8D61-49A4-B530-465B18CE8D25}.Release|Any CPU.Build.0 = Release|Any CPU
	EndGlobalSection
	GlobalSection(SolutionProperties) = preSolution
		HideSolutionNode = FALSE
	EndGlobalSection
	GlobalSection(ExtensibilityGlobals) = postSolution
		SolutionGuid = {0A29AA42-F54E-409C-9367-03AFCCEA796C}
	EndGlobalSection
EndGlobal
